// !$*UTF8*$!
{
	archiveVersion = 1;
	classes = {
	};
	objectVersion = 77;
	objects = {

/* Begin PBXContainerItemProxy section */
		F29751E72FDF2B6A00FA974A /* PBXContainerItemProxy */ = {
			isa = PBXContainerItemProxy;
			containerPortal = F29751CC2FDF2B6900FA974A /* Project object */;
			proxyType = 1;
			remoteGlobalIDString = F29751D32FDF2B6900FA974A;
			remoteInfo = FindYourLuckyNumber;
		};
		F29751F12FDF2B6A00FA974A /* PBXContainerItemProxy */ = {
			isa = PBXContainerItemProxy;
			containerPortal = F29751CC2FDF2B6900FA974A /* Project object */;
			proxyType = 1;
			remoteGlobalIDString = F29751D32FDF2B6900FA974A;
			remoteInfo = FindYourLuckyNumber;
		};
/* End PBXContainerItemProxy section */

/* Begin PBXFileReference section */
		F29751D42FDF2B6900FA974A /* FindYourLuckyNumber.app */ = {isa = PBXFileReference; explicitFileType = wrapper.application; includeInIndex = 0; path = FindYourLuckyNumber.app; sourceTree = BUILT_PRODUCTS_DIR; };
		F29751E62FDF2B6A00FA974A /* FindYourLuckyNumberTests.xctest */ = {isa = PBXFileReference; explicitFileType = wrapper.cfbundle; includeInIndex = 0; path = FindYourLuckyNumberTests.xctest; sourceTree = BUILT_PRODUCTS_DIR; };
		F29751F02FDF2B6A00FA974A /* FindYourLuckyNumberUITests.xctest */ = {isa = PBXFileReference; explicitFileType = wrapper.cfbundle; includeInIndex = 0; path = FindYourLuckyNumberUITests.xctest; sourceTree = BUILT_PRODUCTS_DIR; };
/* End PBXFileReference section */

/* Begin PBXFileSystemSynchronizedRootGroup section */
		F29751D62FDF2B6900FA974A /* FindYourLuckyNumber */ = {
			isa = PBXFileSystemSynchronizedRootGroup;
			path = FindYourLuckyNumber;
			sourceTree = "<group>";
		};
		F29751E92FDF2B6A00FA974A /* FindYourLuckyNumberTests */ = {
			isa = PBXFileSystemSynchronizedRootGroup;
			path = FindYourLuckyNumberTests;
			sourceTree = "<group>";
		};
		F29751F32FDF2B6A00FA974A /* FindYourLuckyNumberUITests */ = {
			isa = PBXFileSystemSynchronizedRootGroup;
			path = FindYourLuckyNumberUITests;
			sourceTree = "<group>";
		};
/* End PBXFileSystemSynchronizedRootGroup section */

/* Begin PBXFrameworksBuildPhase section */
		F29751D12FDF2B6900FA974A /* Frameworks */ = {
			isa = PBXFrameworksBuildPhase;
			buildActionMask = 2147483647;
			files = (
			);
			runOnlyForDeploymentPostprocessing = 0;
		};
		F29751E32FDF2B6A00FA974A /* Frameworks */ = {
			isa = PBXFrameworksBuildPhase;
			buildActionMask = 2147483647;
			files = (
			);
			runOnlyForDeploymentPostprocessing = 0;
		};
		F29751ED2FDF2B6A00FA974A /* Frameworks */ = {
			isa = PBXFrameworksBuildPhase;
			buildActionMask = 2147483647;
			files = (
			);
			runOnlyForDeploymentPostprocessing = 0;
		};
/* End PBXFrameworksBuildPhase section */

/* Begin PBXGroup section */
		F29751CB2FDF2B6900FA974A = {
			isa = PBXGroup;
			children = (
				F29751D62FDF2B6900FA974A /* FindYourLuckyNumber */,
				F29751E92FDF2B6A00FA974A /* FindYourLuckyNumberTests */,
				F29751F32FDF2B6A00FA974A /* FindYourLuckyNumberUITests */,
				F29751D52FDF2B6900FA974A /* Products */,
			);
			sourceTree = "<group>";
		};
		F29751D52FDF2B6900FA974A /* Products */ = {
			isa = PBXGroup;
			children = (
				F29751D42FDF2B6900FA974A /* FindYourLuckyNumber.app */,
				F29751E62FDF2B6A00FA974A /* FindYourLuckyNumberTests.xctest */,
				F29751F02FDF2B6A00FA974A /* FindYourLuckyNumberUITests.xctest */,
			);
			name = Products;
			sourceTree = "<group>";
		};
/* End PBXGroup section */

/* Begin PBXNativeTarget section */
		F29751D32FDF2B6900FA974A /* FindYourLuckyNumber */ = {
			isa = PBXNativeTarget;
			buildConfigurationList = F29751FA2FDF2B6A00FA974A /* Build configuration list for PBXNativeTarget "FindYourLuckyNumber" */;
			buildPhases = (
				F29751D02FDF2B6900FA974A /* Sources */,
				F29751D12FDF2B6900FA974A /* Frameworks */,
				F29751D22FDF2B6900FA974A /* Resources */,
			);
			buildRules = (
			);
			dependencies = (
			);
			fileSystemSynchronizedGroups = (
				F29751D62FDF2B6900FA974A /* FindYourLuckyNumber */,
			);
			name = FindYourLuckyNumber;
			packageProductDependencies = (
			);
			productName = FindYourLuckyNumber;
			productReference = F29751D42FDF2B6900FA974A /* FindYourLuckyNumber.app */;
			productType = "com.apple.product-type.application";
		};
		F29751E52FDF2B6A00FA974A /* FindYourLuckyNumberTests */ = {
			isa = PBXNativeTarget;
			buildConfigurationList = F29751FD2FDF2B6A00FA974A /* Build configuration list for PBXNativeTarget "FindYourLuckyNumberTests" */;
			buildPhases = (
				F29751E22FDF2B6A00FA974A /* Sources */,
				F29751E32FDF2B6A00FA974A /* Frameworks */,
				F29751E42FDF2B6A00FA974A /* Resources */,
			);
			buildRules = (
			);
			dependencies = (
				F29751E82FDF2B6A00FA974A /* PBXTargetDependency */,
			);
			fileSystemSynchronizedGroups = (
				F29751E92FDF2B6A00FA974A /* FindYourLuckyNumberTests */,
			);
			name = FindYourLuckyNumberTests;
			packageProductDependencies = (
			);
			productName = FindYourLuckyNumberTests;
			productReference = F29751E62FDF2B6A00FA974A /* FindYourLuckyNumberTests.xctest */;
			productType = "com.apple.product-type.bundle.unit-test";
		};
		F29751EF2FDF2B6A00FA974A /* FindYourLuckyNumberUITests */ = {
			isa = PBXNativeTarget;
			buildConfigurationList = F29752002FDF2B6A00FA974A /* Build configuration list for PBXNativeTarget "FindYourLuckyNumberUITests" */;
			buildPhases = (
				F29751EC2FDF2B6A00FA974A /* Sources */,
				F29751ED2FDF2B6A00FA974A /* Frameworks */,
				F29751EE2FDF2B6A00FA974A /* Resources */,
			);
			buildRules = (
			);
			dependencies = (
				F29751F22FDF2B6A00FA974A /* PBXTargetDependency */,
			);
			fileSystemSynchronizedGroups = (
				F29751F32FDF2B6A00FA974A /* FindYourLuckyNumberUITests */,
			);
			name = FindYourLuckyNumberUITests;
			packageProductDependencies = (
			);
			productName = FindYourLuckyNumberUITests;
			productReference = F29751F02FDF2B6A00FA974A /* FindYourLuckyNumberUITests.xctest */;
			productType = "com.apple.product-type.bundle.ui-testing";
		};
/* End PBXNativeTarget section */

/* Begin PBXProject section */
		F29751CC2FDF2B6900FA974A /* Project object */ = {
			isa = PBXProject;
			attributes = {
				BuildIndependentTargetsInParallel = 1;
				LastSwiftUpdateCheck = 2650;
				LastUpgradeCheck = 2650;
				TargetAttributes = {
					F29751D32FDF2B6900FA974A = {
						CreatedOnToolsVersion = 26.5;
					};
					F29751E52FDF2B6A00FA974A = {
						CreatedOnToolsVersion = 26.5;
						TestTargetID = F29751D32FDF2B6900FA974A;
					};
					F29751EF2FDF2B6A00FA974A = {
						CreatedOnToolsVersion = 26.5;
						TestTargetID = F29751D32FDF2B6900FA974A;
					};
				};
			};
			buildConfigurationList = F29751CF2FDF2B6900FA974A /* Build configuration list for PBXProject "FindYourLuckyNumber" */;
			developmentRegion = en;
			hasScannedForEncodings = 0;
			knownRegions = (
				en,
				Base,
			);
			mainGroup = F29751CB2FDF2B6900FA974A;
			minimizedProjectReferenceProxies = 1;
			preferredProjectObjectVersion = 77;
			productRefGroup = F29751D52FDF2B6900FA974A /* Products */;
			projectDirPath = "";
			projectRoot = "";
			targets = (
				F29751D32FDF2B6900FA974A /* FindYourLuckyNumber */,
				F29751E52FDF2B6A00FA974A /* FindYourLuckyNumberTests */,
				F29751EF2FDF2B6A00FA974A /* FindYourLuckyNumberUITests */,
			);
		};
/* End PBXProject section */

/* Begin PBXResourcesBuildPhase section */
		F29751D22FDF2B6900FA974A /* Resources */ = {
			isa = PBXResourcesBuildPhase;
			buildActionMask = 2147483647;
			files = (
			);
			runOnlyForDeploymentPostprocessing = 0;
		};
		F29751E42FDF2B6A00FA974A /* Resources */ = {
			isa = PBXResourcesBuildPhase;
			buildActionMask = 2147483647;
			files = (
			);
			runOnlyForDeploymentPostprocessing = 0;
		};
		F29751EE2FDF2B6A00FA974A /* Resources */ = {
			isa = PBXResourcesBuildPhase;
			buildActionMask = 2147483647;
			files = (
			);
			runOnlyForDeploymentPostprocessing = 0;
		};
/* End PBXResourcesBuildPhase section */

/* Begin PBXSourcesBuildPhase section */
		F29751D02FDF2B6900FA974A /* Sources */ = {
			isa = PBXSourcesBuildPhase;
			buildActionMask = 2147483647;
			files = (
			);
			runOnlyForDeploymentPostprocessing = 0;
		};
		F29751E22FDF2B6A00FA974A /* Sources */ = {
			isa = PBXSourcesBuildPhase;
			buildActionMask = 2147483647;
			files = (
			);
			runOnlyForDeploymentPostprocessing = 0;
		};
		F29751EC2FDF2B6A00FA974A /* Sources */ = {
			isa = PBXSourcesBuildPhase;
			buildActionMask = 2147483647;
			files = (
			);
			runOnlyForDeploymentPostprocessing = 0;
		};
/* End PBXSourcesBuildPhase section */

/* Begin PBXTargetDependency section */
		F29751E82FDF2B6A00FA974A /* PBXTargetDependency */ = {
			isa = PBXTargetDependency;
			target = F29751D32FDF2B6900FA974A /* FindYourLuckyNumber */;
			targetProxy = F29751E72FDF2B6A00FA974A /* PBXContainerItemProxy */;
		};
		F29751F22FDF2B6A00FA974A /* PBXTargetDependency */ = {
			isa = PBXTargetDependency;
			target = F29751D32FDF2B6900FA974A /* FindYourLuckyNumber */;
			targetProxy = F29751F12FDF2B6A00FA974A /* PBXContainerItemProxy */;
		};
/* End PBXTargetDependency section */

/* Begin XCBuildConfiguration section */
		F29751F82FDF2B6A00FA974A /* Debug */ = {
			isa = XCBuildConfiguration;
			buildSettings = {
				ALWAYS_SEARCH_USER_PATHS = NO;
				ASSETCATALOG_COMPILER_GENERATE_SWIFT_ASSET_SYMBOL_EXTENSIONS = YES;
				CLANG_ANALYZER_NONNULL = YES;
				CLANG_ANALYZER_NUMBER_OBJECT_CONVERSION = YES_AGGRESSIVE;
				CLANG_CXX_LANGUAGE_STANDARD = "gnu++20";
				CLANG_ENABLE_MODULES = YES;
				CLANG_ENABLE_OBJC_ARC = YES;
				CLANG_ENABLE_OBJC_WEAK = YES;
				CLANG_WARN_BLOCK_CAPTURE_AUTORELEASING = YES;
				CLANG_WARN_BOOL_CONVERSION = YES;
				CLANG_WARN_COMMA = YES;
				CLANG_WARN_CONSTANT_CONVERSION = YES;
				CLANG_WARN_DEPRECATED_OBJC_IMPLEMENTATIONS = YES;
				CLANG_WARN_DIRECT_OBJC_ISA_USAGE = YES_ERROR;
				CLANG_WARN_DOCUMENTATION_COMMENTS = YES;
				CLANG_WARN_EMPTY_BODY = YES;
				CLANG_WARN_ENUM_CONVERSION = YES;
				CLANG_WARN_INFINITE_RECURSION = YES;
				CLANG_WARN_INT_CONVERSION = YES;
				CLANG_WARN_NON_LITERAL_NULL_CONVERSION = YES;
				CLANG_WARN_OBJC_IMPLICIT_RETAIN_SELF = YES;
				CLANG_WARN_OBJC_LITERAL_CONVERSION = YES;
				CLANG_WARN_OBJC_ROOT_CLASS = YES_ERROR;
				CLANG_WARN_QUOTED_INCLUDE_IN_FRAMEWORK_HEADER = YES;
				CLANG_WARN_RANGE_LOOP_ANALYSIS = YES;
				CLANG_WARN_STRICT_PROTOTYPES = YES;
				CLANG_WARN_SUSPICIOUS_MOVE = YES;
				CLANG_WARN_UNGUARDED_AVAILABILITY = YES_AGGRESSIVE;
				CLANG_WARN_UNREACHABLE_CODE = YES;
				CLANG_WARN__DUPLICATE_METHOD_MATCH = YES;
				COPY_PHASE_STRIP = NO;
				DEBUG_INFORMATION_FORMAT = dwarf;
				ENABLE_STRICT_OBJC_MSGSEND = YES;
				ENABLE_TESTABILITY = YES;
				ENABLE_USER_SCRIPT_SANDBOXING = YES;
				GCC_C_LANGUAGE_STANDARD = gnu17;
				GCC_DYNAMIC_NO_PIC = NO;
				GCC_NO_COMMON_BLOCKS = YES;
				GCC_OPTIMIZATION_LEVEL = 0;
				GCC_PREPROCESSOR_DEFINITIONS = (
					"DEBUG=1",
					"$(inherited)",
				);
				GCC_WARN_64_TO_32_BIT_CONVERSION = YES;
				GCC_WARN_ABOUT_RETURN_TYPE = YES_ERROR;
				GCC_WARN_UNDECLARED_SELECTOR = YES;
				GCC_WARN_UNINITIALIZED_AUTOS = YES_AGGRESSIVE;
				GCC_WARN_UNUSED_FUNCTION = YES;
				GCC_WARN_UNUSED_VARIABLE = YES;
				IPHONEOS_DEPLOYMENT_TARGET = 26.5;
				LOCALIZATION_PREFERS_STRING_CATALOGS = YES;
				MTL_ENABLE_DEBUG_INFO = INCLUDE_SOURCE;
				MTL_FAST_MATH = YES;
				ONLY_ACTIVE_ARCH = YES;
				SDKROOT = iphoneos;
				SWIFT_ACTIVE_COMPILATION_CONDITIONS = "DEBUG $(inherited)";
				SWIFT_OPTIMIZATION_LEVEL = "-Onone";
			};
			name = Debug;
		};
		F29751F92FDF2B6A00FA974A /* Release */ = {
			isa = XCBuildConfiguration;
			buildSettings = {
				ALWAYS_SEARCH_USER_PATHS = NO;
				ASSETCATALOG_COMPILER_GENERATE_SWIFT_ASSET_SYMBOL_EXTENSIONS = YES;
				CLANG_ANALYZER_NONNULL = YES;
				CLANG_ANALYZER_NUMBER_OBJECT_CONVERSION = YES_AGGRESSIVE;
				CLANG_CXX_LANGUAGE_STANDARD = "gnu++20";
				CLANG_ENABLE_MODULES = YES;
				CLANG_ENABLE_OBJC_ARC = YES;
				CLANG_ENABLE_OBJC_WEAK = YES;
				CLANG_WARN_BLOCK_CAPTURE_AUTORELEASING = YES;
				CLANG_WARN_BOOL_CONVERSION = YES;
				CLANG_WARN_COMMA = YES;
				CLANG_WARN_CONSTANT_CONVERSION = YES;
				CLANG_WARN_DEPRECATED_OBJC_IMPLEMENTATIONS = YES;
				CLANG_WARN_DIRECT_OBJC_ISA_USAGE = YES_ERROR;
				CLANG_WARN_DOCUMENTATION_COMMENTS = YES;
				CLANG_WARN_EMPTY_BODY = YES;
				CLANG_WARN_ENUM_CONVERSION = YES;
				CLANG_WARN_INFINITE_RECURSION = YES;
				CLANG_WARN_INT_CONVERSION = YES;
				CLANG_WARN_NON_LITERAL_NULL_CONVERSION = YES;
				CLANG_WARN_OBJC_IMPLICIT_RETAIN_SELF = YES;
				CLANG_WARN_OBJC_LITERAL_CONVERSION = YES;
				CLANG_WARN_OBJC_ROOT_CLASS = YES_ERROR;
				CLANG_WARN_QUOTED_INCLUDE_IN_FRAMEWORK_HEADER = YES;
				CLANG_WARN_RANGE_LOOP_ANALYSIS = YES;
				CLANG_WARN_STRICT_PROTOTYPES = YES;
				CLANG_WARN_SUSPICIOUS_MOVE = YES;
				CLANG_WARN_UNGUARDED_AVAILABILITY = YES_AGGRESSIVE;
				CLANG_WARN_UNREACHABLE_CODE = YES;
				CLANG_WARN__DUPLICATE_METHOD_MATCH = YES;
				COPY_PHASE_STRIP = NO;
				DEBUG_INFORMATION_FORMAT = "dwarf-with-dsym";
				ENABLE_NS_ASSERTIONS = NO;
				ENABLE_STRICT_OBJC_MSGSEND = YES;
				ENABLE_USER_SCRIPT_SANDBOXING = YES;
				GCC_C_LANGUAGE_STANDARD = gnu17;
				GCC_NO_COMMON_BLOCKS = YES;
				GCC_WARN_64_TO_32_BIT_CONVERSION = YES;
				GCC_WARN_ABOUT_RETURN_TYPE = YES_ERROR;
				GCC_WARN_UNDECLARED_SELECTOR = YES;
				GCC_WARN_UNINITIALIZED_AUTOS = YES_AGGRESSIVE;
				GCC_WARN_UNUSED_FUNCTION = YES;
				GCC_WARN_UNUSED_VARIABLE = YES;
				IPHONEOS_DEPLOYMENT_TARGET = 26.5;
				LOCALIZATION_PREFERS_STRING_CATALOGS = YES;
				MTL_ENABLE_DEBUG_INFO = NO;
				MTL_FAST_MATH = YES;
				SDKROOT = iphoneos;
				SWIFT_COMPILATION_MODE = wholemodule;
				VALIDATE_PRODUCT = YES;
			};
			name = Release;
		};
		F29751FB2FDF2B6A00FA974A /* Debug */ = {
			isa = XCBuildConfiguration;
			buildSettings = {
				ASSETCATALOG_COMPILER_APPICON_NAME = AppIcon;
				ASSETCATALOG_COMPILER_GLOBAL_ACCENT_COLOR_NAME = AccentColor;
				CODE_SIGN_STYLE = Automatic;
				CURRENT_PROJECT_VERSION = 1;
				ENABLE_PREVIEWS = YES;
				GENERATE_INFOPLIST_FILE = YES;
				INFOPLIST_KEY_UIApplicationSceneManifest_Generation = YES;
				INFOPLIST_KEY_UIApplicationSupportsIndirectInputEvents = YES;
				INFOPLIST_KEY_UILaunchScreen_Generation = YES;
				INFOPLIST_KEY_UISupportedInterfaceOrientations_iPad = "UIInterfaceOrientationPortrait UIInterfaceOrientationPortraitUpsideDown UIInterfaceOrientationLandscapeLeft UIInterfaceOrientationLandscapeRight";
				INFOPLIST_KEY_UISupportedInterfaceOrientations_iPhone = "UIInterfaceOrientationPortrait UIInterfaceOrientationLandscapeLeft UIInterfaceOrientationLandscapeRight";
				LD_RUNPATH_SEARCH_PATHS = (
					"$(inherited)",
					"@executable_path/Frameworks",
				);
				MARKETING_VERSION = 1.0;
				PRODUCT_BUNDLE_IDENTIFIER = com.shivam.pandey.FindYourLuckyNumber;
				PRODUCT_NAME = "$(TARGET_NAME)";
				STRING_CATALOG_GENERATE_SYMBOLS = YES;
				SWIFT_APPROACHABLE_CONCURRENCY = YES;
				SWIFT_DEFAULT_ACTOR_ISOLATION = MainActor;
				SWIFT_EMIT_LOC_STRINGS = YES;
				SWIFT_UPCOMING_FEATURE_MEMBER_IMPORT_VISIBILITY = YES;
				SWIFT_VERSION = 5.0;
				TARGETED_DEVICE_FAMILY = "1,2";
			};
			name = Debug;
		};
		F29751FC2FDF2B6A00FA974A /* Release */ = {
			isa = XCBuildConfiguration;
			buildSettings = {
				ASSETCATALOG_COMPILER_APPICON_NAME = AppIcon;
				ASSETCATALOG_COMPILER_GLOBAL_ACCENT_COLOR_NAME = AccentColor;
				CODE_SIGN_STYLE = Automatic;
				CURRENT_PROJECT_VERSION = 1;
				ENABLE_PREVIEWS = YES;
				GENERATE_INFOPLIST_FILE = YES;
				INFOPLIST_KEY_UIApplicationSceneManifest_Generation = YES;
				INFOPLIST_KEY_UIApplicationSupportsIndirectInputEvents = YES;
				INFOPLIST_KEY_UILaunchScreen_Generation = YES;
				INFOPLIST_KEY_UISupportedInterfaceOrientations_iPad = "UIInterfaceOrientationPortrait UIInterfaceOrientationPortraitUpsideDown UIInterfaceOrientationLandscapeLeft UIInterfaceOrientationLandscapeRight";
				INFOPLIST_KEY_UISupportedInterfaceOrientations_iPhone = "UIInterfaceOrientationPortrait UIInterfaceOrientationLandscapeLeft UIInterfaceOrientationLandscapeRight";
				LD_RUNPATH_SEARCH_PATHS = (
					"$(inherited)",
					"@executable_path/Frameworks",
				);
				MARKETING_VERSION = 1.0;
				PRODUCT_BUNDLE_IDENTIFIER = com.shivam.pandey.FindYourLuckyNumber;
				PRODUCT_NAME = "$(TARGET_NAME)";
				STRING_CATALOG_GENERATE_SYMBOLS = YES;
				SWIFT_APPROACHABLE_CONCURRENCY = YES;
				SWIFT_DEFAULT_ACTOR_ISOLATION = MainActor;
				SWIFT_EMIT_LOC_STRINGS = YES;
				SWIFT_UPCOMING_FEATURE_MEMBER_IMPORT_VISIBILITY = YES;
				SWIFT_VERSION = 5.0;
				TARGETED_DEVICE_FAMILY = "1,2";
			};
			name = Release;
		};
		F29751FE2FDF2B6A00FA974A /* Debug */ = {
			isa = XCBuildConfiguration;
			buildSettings = {
				BUNDLE_LOADER = "$(TEST_HOST)";
				CODE_SIGN_STYLE = Automatic;
				CURRENT_PROJECT_VERSION = 1;
				GENERATE_INFOPLIST_FILE = YES;
				IPHONEOS_DEPLOYMENT_TARGET = 26.5;
				MARKETING_VERSION = 1.0;
				PRODUCT_BUNDLE_IDENTIFIER = com.shivam.pandey.FindYourLuckyNumberTests;
				PRODUCT_NAME = "$(TARGET_NAME)";
				STRING_CATALOG_GENERATE_SYMBOLS = NO;
				SWIFT_APPROACHABLE_CONCURRENCY = YES;
				SWIFT_EMIT_LOC_STRINGS = NO;
				SWIFT_UPCOMING_FEATURE_MEMBER_IMPORT_VISIBILITY = YES;
				SWIFT_VERSION = 5.0;
				TARGETED_DEVICE_FAMILY = "1,2";
				TEST_HOST = "$(BUILT_PRODUCTS_DIR)/FindYourLuckyNumber.app/$(BUNDLE_EXECUTABLE_FOLDER_PATH)/FindYourLuckyNumber";
			};
			name = Debug;
		};
		F29751FF2FDF2B6A00FA974A /* Release */ = {
			isa = XCBuildConfiguration;
			buildSettings = {
				BUNDLE_LOADER = "$(TEST_HOST)";
				CODE_SIGN_STYLE = Automatic;
				CURRENT_PROJECT_VERSION = 1;
				GENERATE_INFOPLIST_FILE = YES;
				IPHONEOS_DEPLOYMENT_TARGET = 26.5;
				MARKETING_VERSION = 1.0;
				PRODUCT_BUNDLE_IDENTIFIER = com.shivam.pandey.FindYourLuckyNumberTests;
				PRODUCT_NAME = "$(TARGET_NAME)";
				STRING_CATALOG_GENERATE_SYMBOLS = NO;
				SWIFT_APPROACHABLE_CONCURRENCY = YES;
				SWIFT_EMIT_LOC_STRINGS = NO;
				SWIFT_UPCOMING_FEATURE_MEMBER_IMPORT_VISIBILITY = YES;
				SWIFT_VERSION = 5.0;
				TARGETED_DEVICE_FAMILY = "1,2";
				TEST_HOST = "$(BUILT_PRODUCTS_DIR)/FindYourLuckyNumber.app/$(BUNDLE_EXECUTABLE_FOLDER_PATH)/FindYourLuckyNumber";
			};
			name = Release;
		};
		F29752012FDF2B6A00FA974A /* Debug */ = {
			isa = XCBuildConfiguration;
			buildSettings = {
				CODE_SIGN_STYLE = Automatic;
				CURRENT_PROJECT_VERSION = 1;
				GENERATE_INFOPLIST_FILE = YES;
				MARKETING_VERSION = 1.0;
				PRODUCT_BUNDLE_IDENTIFIER = com.shivam.pandey.FindYourLuckyNumberUITests;
				PRODUCT_NAME = "$(TARGET_NAME)";
				STRING_CATALOG_GENERATE_SYMBOLS = NO;
				SWIFT_APPROACHABLE_CONCURRENCY = YES;
				SWIFT_EMIT_LOC_STRINGS = NO;
				SWIFT_UPCOMING_FEATURE_MEMBER_IMPORT_VISIBILITY = YES;
				SWIFT_VERSION = 5.0;
				TARGETED_DEVICE_FAMILY = "1,2";
				TEST_TARGET_NAME = FindYourLuckyNumber;
			};
			name = Debug;
		};
		F29752022FDF2B6A00FA974A /* Release */ = {
			isa = XCBuildConfiguration;
			buildSettings = {
				CODE_SIGN_STYLE = Automatic;
				CURRENT_PROJECT_VERSION = 1;
				GENERATE_INFOPLIST_FILE = YES;
				MARKETING_VERSION = 1.0;
				PRODUCT_BUNDLE_IDENTIFIER = com.shivam.pandey.FindYourLuckyNumberUITests;
				PRODUCT_NAME = "$(TARGET_NAME)";
				STRING_CATALOG_GENERATE_SYMBOLS = NO;
				SWIFT_APPROACHABLE_CONCURRENCY = YES;
				SWIFT_EMIT_LOC_STRINGS = NO;
				SWIFT_UPCOMING_FEATURE_MEMBER_IMPORT_VISIBILITY = YES;
				SWIFT_VERSION = 5.0;
				TARGETED_DEVICE_FAMILY = "1,2";
				TEST_TARGET_NAME = FindYourLuckyNumber;
			};
			name = Release;
		};
/* End XCBuildConfiguration section */

/* Begin XCConfigurationList section */
		F29751CF2FDF2B6900FA974A /* Build configuration list for PBXProject "FindYourLuckyNumber" */ = {
			isa = XCConfigurationList;
			buildConfigurations = (
				F29751F82FDF2B6A00FA974A /* Debug */,
				F29751F92FDF2B6A00FA974A /* Release */,
			);
			defaultConfigurationIsVisible = 0;
			defaultConfigurationName = Release;
		};
		F29751FA2FDF2B6A00FA974A /* Build configuration list for PBXNativeTarget "FindYourLuckyNumber" */ = {
			isa = XCConfigurationList;
			buildConfigurations = (
				F29751FB2FDF2B6A00FA974A /* Debug */,
				F29751FC2FDF2B6A00FA974A /* Release */,
			);
			defaultConfigurationIsVisible = 0;
			defaultConfigurationName = Release;
		};
		F29751FD2FDF2B6A00FA974A /* Build configuration list for PBXNativeTarget "FindYourLuckyNumberTests" */ = {
			isa = XCConfigurationList;
			buildConfigurations = (
				F29751FE2FDF2B6A00FA974A /* Debug */,
				F29751FF2FDF2B6A00FA974A /* Release */,
			);
			defaultConfigurationIsVisible = 0;
			defaultConfigurationName = Release;
		};
		F29752002FDF2B6A00FA974A /* Build configuration list for PBXNativeTarget "FindYourLuckyNumberUITests" */ = {
			isa = XCConfigurationList;
			buildConfigurations = (
				F29752012FDF2B6A00FA974A /* Debug */,
				F29752022FDF2B6A00FA974A /* Release */,
			);
			defaultConfigurationIsVisible = 0;
			defaultConfigurationName = Release;
		};
/* End XCConfigurationList section */
	};
	rootObject = F29751CC2FDF2B6900FA974A /* Project object */;
}
